
Microsoft Visual Studio Solution File, Format Version 12.00
Project("{FAE04EC0-301F-11D3-BF4B-00C04F79EFBC}") = "day07b", "day07b.csproj", "{6040E973-2885-4047-9904-198869AA9F7C}"
EndProject
Global
	GlobalSection(SolutionConfigurationPlatforms) = preSolution
		Debug|Any CPU = Debug|Any CPU
		Release|Any CPU = Release|Any CPU
	EndGlobalSection
	GlobalSection(ProjectConfigurationPlatforms) = postSolution
		{6040E973-2885-4047-9904-198869AA9F7C}.Debug|Any CPU.ActiveCfg = Debug|Any CPU
		{6040E973-2885-4047-9904-198869AA9F7C}.Debug|Any CPU.Build.0 = Debug|Any CPU
		{6040E973-2885-4047-9904-198869AA9F7C}.Release|Any CPU.ActiveCfg = Release|Any CPU
		{6040E973-2885-4047-9904-198869AA9F7C}.Release|Any CPU.Build.0 = Release|Any CPU
	EndGlobalSection
EndGlobal
