
Microsoft Visual Studio Solution File, Format Version 12.00
Project("{FAE04EC0-301F-11D3-BF4B-00C04F79EFBC}") = "day07a", "day07a.csproj", "{99295A95-DCD4-4600-AAC0-6BECACDD1D71}"
EndProject
Global
	GlobalSection(SolutionConfigurationPlatforms) = preSolution
		Debug|Any CPU = Debug|Any CPU
		Release|Any CPU = Release|Any CPU
	EndGlobalSection
	GlobalSection(ProjectConfigurationPlatforms) = postSolution
		{99295A95-DCD4-4600-AAC0-6BECACDD1D71}.Debug|Any CPU.ActiveCfg = Debug|Any CPU
		{99295A95-DCD4-4600-AAC0-6BECACDD1D71}.Debug|Any CPU.Build.0 = Debug|Any CPU
		{99295A95-DCD4-4600-AAC0-6BECACDD1D71}.Release|Any CPU.ActiveCfg = Release|Any CPU
		{99295A95-DCD4-4600-AAC0-6BECACDD1D71}.Release|Any CPU.Build.0 = Release|Any CPU
	EndGlobalSection
EndGlobal
