
Microsoft Visual Studio Solution File, Format Version 12.00
Project("{FAE04EC0-301F-11D3-BF4B-00C04F79EFBC}") = "day08a", "day08a.csproj", "{4DCD56CC-8D1D-4EA5-BC24-CC9D15C008AB}"
EndProject
Global
	GlobalSection(SolutionConfigurationPlatforms) = preSolution
		Debug|Any CPU = Debug|Any CPU
		Release|Any CPU = Release|Any CPU
	EndGlobalSection
	GlobalSection(ProjectConfigurationPlatforms) = postSolution
		{4DCD56CC-8D1D-4EA5-BC24-CC9D15C008AB}.Debug|Any CPU.ActiveCfg = Debug|Any CPU
		{4DCD56CC-8D1D-4EA5-BC24-CC9D15C008AB}.Debug|Any CPU.Build.0 = Debug|Any CPU
		{4DCD56CC-8D1D-4EA5-BC24-CC9D15C008AB}.Release|Any CPU.ActiveCfg = Release|Any CPU
		{4DCD56CC-8D1D-4EA5-BC24-CC9D15C008AB}.Release|Any CPU.Build.0 = Release|Any CPU
	EndGlobalSection
EndGlobal
